// !$*UTF8*$!
{
	archiveVersion = 1;
	classes = {
	};
	objectVersion = 50;
	objects = {

/* Begin PBXBuildFile section */
		E048839922AC1FEA004E6186 /* AppDelegate.swift in Sources */ = {isa = PBXBuildFile; fileRef = E048839822AC1FEA004E6186 /* AppDelegate.swift */; };
		E048839B22AC1FEA004E6186 /* LoginVC.swift in Sources */ = {isa = PBXBuildFile; fileRef = E048839A22AC1FEA004E6186 /* LoginVC.swift */; };
		E048839E22AC1FEA004E6186 /* Main.storyboard in Resources */ = {isa = PBXBuildFile; fileRef = E048839C22AC1FEA004E6186 /* Main.storyboard */; };
		E04883A022AC1FED004E6186 /* Assets.xcassets in Resources */ = {isa = PBXBuildFile; fileRef = E048839F22AC1FED004E6186 /* Assets.xcassets */; };
		E04883A322AC1FED004E6186 /* LaunchScreen.storyboard in Resources */ = {isa = PBXBuildFile; fileRef = E04883A122AC1FED004E6186 /* LaunchScreen.storyboard */; };
		E06D61AB22AC258F005B2001 /* API.swift in Sources */ = {isa = PBXBuildFile; fileRef = E06D61AA22AC258F005B2001 /* API.swift */; };
		E06D61AF22AC3736005B2001 /* MapVC.swift in Sources */ = {isa = PBXBuildFile; fileRef = E06D61AE22AC3736005B2001 /* MapVC.swift */; };
		E06D61B122AC3D4F005B2001 /* Locations.swift in Sources */ = {isa = PBXBuildFile; fileRef = E06D61B022AC3D4F005B2001 /* Locations.swift */; };
		E06D61B322ADA032005B2001 /* TableVC.swift in Sources */ = {isa = PBXBuildFile; fileRef = E06D61B222ADA032005B2001 /* TableVC.swift */; };
		E06D61B522ADA7F2005B2001 /* AddLocationVC.swift in Sources */ = {isa = PBXBuildFile; fileRef = E06D61B422ADA7F2005B2001 /* AddLocationVC.swift */; };
		E06D61B722ADB0BB005B2001 /* PostLocationVC.swift in Sources */ = {isa = PBXBuildFile; fileRef = E06D61B622ADB0BB005B2001 /* PostLocationVC.swift */; };
/* End PBXBuildFile section */

/* Begin PBXFileReference section */
		E048839522AC1FEA004E6186 /* onTheMap.app */ = {isa = PBXFileReference; explicitFileType = wrapper.application; includeInIndex = 0; path = onTheMap.app; sourceTree = BUILT_PRODUCTS_DIR; };
		E048839822AC1FEA004E6186 /* AppDelegate.swift */ = {isa = PBXFileReference; lastKnownFileType = sourcecode.swift; path = AppDelegate.swift; sourceTree = "<group>"; };
		E048839A22AC1FEA004E6186 /* LoginVC.swift */ = {isa = PBXFileReference; lastKnownFileType = sourcecode.swift; path = LoginVC.swift; sourceTree = "<group>"; };
		E048839D22AC1FEA004E6186 /* Base */ = {isa = PBXFileReference; lastKnownFileType = file.storyboard; name = Base; path = Base.lproj/Main.storyboard; sourceTree = "<group>"; };
		E048839F22AC1FED004E6186 /* Assets.xcassets */ = {isa = PBXFileReference; lastKnownFileType = folder.assetcatalog; path = Assets.xcassets; sourceTree = "<group>"; };
		E04883A222AC1FED004E6186 /* Base */ = {isa = PBXFileReference; lastKnownFileType = file.storyboard; name = Base; path = Base.lproj/LaunchScreen.storyboard; sourceTree = "<group>"; };
		E04883A422AC1FED004E6186 /* Info.plist */ = {isa = PBXFileReference; lastKnownFileType = text.plist.xml; path = Info.plist; sourceTree = "<group>"; };
		E06D61AA22AC258F005B2001 /* API.swift */ = {isa = PBXFileReference; lastKnownFileType = sourcecode.swift; path = API.swift; sourceTree = "<group>"; };
		E06D61AE22AC3736005B2001 /* MapVC.swift */ = {isa = PBXFileReference; lastKnownFileType = sourcecode.swift; path = MapVC.swift; sourceTree = "<group>"; };
		E06D61B022AC3D4F005B2001 /* Locations.swift */ = {isa = PBXFileReference; lastKnownFileType = sourcecode.swift; path = Locations.swift; sourceTree = "<group>"; };
		E06D61B222ADA032005B2001 /* TableVC.swift */ = {isa = PBXFileReference; lastKnownFileType = sourcecode.swift; path = TableVC.swift; sourceTree = "<group>"; };
		E06D61B422ADA7F2005B2001 /* AddLocationVC.swift */ = {isa = PBXFileReference; lastKnownFileType = sourcecode.swift; path = AddLocationVC.swift; sourceTree = "<group>"; };
		E06D61B622ADB0BB005B2001 /* PostLocationVC.swift */ = {isa = PBXFileReference; lastKnownFileType = sourcecode.swift; path = PostLocationVC.swift; sourceTree = "<group>"; };
/* End PBXFileReference section */

/* Begin PBXFrameworksBuildPhase section */
		E048839222AC1FEA004E6186 /* Frameworks */ = {
			isa = PBXFrameworksBuildPhase;
			buildActionMask = 2147483647;
			files = (
			);
			runOnlyForDeploymentPostprocessing = 0;
		};
/* End PBXFrameworksBuildPhase section */

/* Begin PBXGroup section */
		E048838C22AC1FEA004E6186 = {
			isa = PBXGroup;
			children = (
				E048839722AC1FEA004E6186 /* onTheMap */,
				E048839622AC1FEA004E6186 /* Products */,
			);
			sourceTree = "<group>";
		};
		E048839622AC1FEA004E6186 /* Products */ = {
			isa = PBXGroup;
			children = (
				E048839522AC1FEA004E6186 /* onTheMap.app */,
			);
			name = Products;
			sourceTree = "<group>";
		};
		E048839722AC1FEA004E6186 /* onTheMap */ = {
			isa = PBXGroup;
			children = (
				E06D61A822AC2505005B2001 /* Model */,
				E06D61A922AC2510005B2001 /* View */,
				E06D61A722AC24E8005B2001 /* Controller */,
				E048839F22AC1FED004E6186 /* Assets.xcassets */,
				E048839822AC1FEA004E6186 /* AppDelegate.swift */,
				E04883A422AC1FED004E6186 /* Info.plist */,
			);
			path = onTheMap;
			sourceTree = "<group>";
		};
		E06D61A722AC24E8005B2001 /* Controller */ = {
			isa = PBXGroup;
			children = (
				E048839A22AC1FEA004E6186 /* LoginVC.swift */,
				E06D61AE22AC3736005B2001 /* MapVC.swift */,
				E06D61B222ADA032005B2001 /* TableVC.swift */,
				E06D61B422ADA7F2005B2001 /* AddLocationVC.swift */,
				E06D61B622ADB0BB005B2001 /* PostLocationVC.swift */,
			);
			path = Controller;
			sourceTree = "<group>";
		};
		E06D61A822AC2505005B2001 /* Model */ = {
			isa = PBXGroup;
			children = (
				E06D61AA22AC258F005B2001 /* API.swift */,
				E06D61B022AC3D4F005B2001 /* Locations.swift */,
			);
			path = Model;
			sourceTree = "<group>";
		};
		E06D61A922AC2510005B2001 /* View */ = {
			isa = PBXGroup;
			children = (
				E048839C22AC1FEA004E6186 /* Main.storyboard */,
				E04883A122AC1FED004E6186 /* LaunchScreen.storyboard */,
			);
			path = View;
			sourceTree = "<group>";
		};
/* End PBXGroup section */

/* Begin PBXNativeTarget section */
		E048839422AC1FEA004E6186 /* onTheMap */ = {
			isa = PBXNativeTarget;
			buildConfigurationList = E04883A722AC1FED004E6186 /* Build configuration list for PBXNativeTarget "onTheMap" */;
			buildPhases = (
				E048839122AC1FEA004E6186 /* Sources */,
				E048839222AC1FEA004E6186 /* Frameworks */,
				E048839322AC1FEA004E6186 /* Resources */,
			);
			buildRules = (
			);
			dependencies = (
			);
			name = onTheMap;
			productName = onTheMap;
			productReference = E048839522AC1FEA004E6186 /* onTheMap.app */;
			productType = "com.apple.product-type.application";
		};
/* End PBXNativeTarget section */

/* Begin PBXProject section */
		E048838D22AC1FEA004E6186 /* Project object */ = {
			isa = PBXProject;
			attributes = {
				LastSwiftUpdateCheck = 1010;
				LastUpgradeCheck = 1010;
				ORGANIZATIONNAME = Ahmad;
				TargetAttributes = {
					E048839422AC1FEA004E6186 = {
						CreatedOnToolsVersion = 10.1;
					};
				};
			};
			buildConfigurationList = E048839022AC1FEA004E6186 /* Build configuration list for PBXProject "onTheMap" */;
			compatibilityVersion = "Xcode 9.3";
			developmentRegion = en;
			hasScannedForEncodings = 0;
			knownRegions = (
				en,
				Base,
			);
			mainGroup = E048838C22AC1FEA004E6186;
			productRefGroup = E048839622AC1FEA004E6186 /* Products */;
			projectDirPath = "";
			projectRoot = "";
			targets = (
				E048839422AC1FEA004E6186 /* onTheMap */,
			);
		};
/* End PBXProject section */

/* Begin PBXResourcesBuildPhase section */
		E048839322AC1FEA004E6186 /* Resources */ = {
			isa = PBXResourcesBuildPhase;
			buildActionMask = 2147483647;
			files = (
				E04883A322AC1FED004E6186 /* LaunchScreen.storyboard in Resources */,
				E04883A022AC1FED004E6186 /* Assets.xcassets in Resources */,
				E048839E22AC1FEA004E6186 /* Main.storyboard in Resources */,
			);
			runOnlyForDeploymentPostprocessing = 0;
		};
/* End PBXResourcesBuildPhase section */

/* Begin PBXSourcesBuildPhase section */
		E048839122AC1FEA004E6186 /* Sources */ = {
			isa = PBXSourcesBuildPhase;
			buildActionMask = 2147483647;
			files = (
				E048839B22AC1FEA004E6186 /* LoginVC.swift in Sources */,
				E06D61AF22AC3736005B2001 /* MapVC.swift in Sources */,
				E06D61AB22AC258F005B2001 /* API.swift in Sources */,
				E06D61B322ADA032005B2001 /* TableVC.swift in Sources */,
				E06D61B122AC3D4F005B2001 /* Locations.swift in Sources */,
				E06D61B522ADA7F2005B2001 /* AddLocationVC.swift in Sources */,
				E048839922AC1FEA004E6186 /* AppDelegate.swift in Sources */,
				E06D61B722ADB0BB005B2001 /* PostLocationVC.swift in Sources */,
			);
			runOnlyForDeploymentPostprocessing = 0;
		};
/* End PBXSourcesBuildPhase section */

/* Begin PBXVariantGroup section */
		E048839C22AC1FEA004E6186 /* Main.storyboard */ = {
			isa = PBXVariantGroup;
			children = (
				E048839D22AC1FEA004E6186 /* Base */,
			);
			name = Main.storyboard;
			sourceTree = "<group>";
		};
		E04883A122AC1FED004E6186 /* LaunchScreen.storyboard */ = {
			isa = PBXVariantGroup;
			children = (
				E04883A222AC1FED004E6186 /* Base */,
			);
			name = LaunchScreen.storyboard;
			sourceTree = "<group>";
		};
/* End PBXVariantGroup section */

/* Begin XCBuildConfiguration section */
		E04883A522AC1FED004E6186 /* Debug */ = {
			isa = XCBuildConfiguration;
			buildSettings = {
				ALWAYS_SEARCH_USER_PATHS = NO;
				CLANG_ANALYZER_NONNULL = YES;
				CLANG_ANALYZER_NUMBER_OBJECT_CONVERSION = YES_AGGRESSIVE;
				CLANG_CXX_LANGUAGE_STANDARD = "gnu++14";
				CLANG_CXX_LIBRARY = "libc++";
				CLANG_ENABLE_MODULES = YES;
				CLANG_ENABLE_OBJC_ARC = YES;
				CLANG_ENABLE_OBJC_WEAK = YES;
				CLANG_WARN_BLOCK_CAPTURE_AUTORELEASING = YES;
				CLANG_WARN_BOOL_CONVERSION = YES;
				CLANG_WARN_COMMA = YES;
				CLANG_WARN_CONSTANT_CONVERSION = YES;
				CLANG_WARN_DEPRECATED_OBJC_IMPLEMENTATIONS = YES;
				CLANG_WARN_DIRECT_OBJC_ISA_USAGE = YES_ERROR;
				CLANG_WARN_DOCUMENTATION_COMMENTS = YES;
				CLANG_WARN_EMPTY_BODY = YES;
				CLANG_WARN_ENUM_CONVERSION = YES;
				CLANG_WARN_INFINITE_RECURSION = YES;
				CLANG_WARN_INT_CONVERSION = YES;
				CLANG_WARN_NON_LITERAL_NULL_CONVERSION = YES;
				CLANG_WARN_OBJC_IMPLICIT_RETAIN_SELF = YES;
				CLANG_WARN_OBJC_LITERAL_CONVERSION = YES;
				CLANG_WARN_OBJC_ROOT_CLASS = YES_ERROR;
				CLANG_WARN_RANGE_LOOP_ANALYSIS = YES;
				CLANG_WARN_STRICT_PROTOTYPES = YES;
				CLANG_WARN_SUSPICIOUS_MOVE = YES;
				CLANG_WARN_UNGUARDED_AVAILABILITY = YES_AGGRESSIVE;
				CLANG_WARN_UNREACHABLE_CODE = YES;
				CLANG_WARN__DUPLICATE_METHOD_MATCH = YES;
				CODE_SIGN_IDENTITY = "iPhone Developer";
				COPY_PHASE_STRIP = NO;
				DEBUG_INFORMATION_FORMAT = dwarf;
				ENABLE_STRICT_OBJC_MSGSEND = YES;
				ENABLE_TESTABILITY = YES;
				GCC_C_LANGUAGE_STANDARD = gnu11;
				GCC_DYNAMIC_NO_PIC = NO;
				GCC_NO_COMMON_BLOCKS = YES;
				GCC_OPTIMIZATION_LEVEL = 0;
				GCC_PREPROCESSOR_DEFINITIONS = (
					"DEBUG=1",
					"$(inherited)",
				);
				GCC_WARN_64_TO_32_BIT_CONVERSION = YES;
				GCC_WARN_ABOUT_RETURN_TYPE = YES_ERROR;
				GCC_WARN_UNDECLARED_SELECTOR = YES;
				GCC_WARN_UNINITIALIZED_AUTOS = YES_AGGRESSIVE;
				GCC_WARN_UNUSED_FUNCTION = YES;
				GCC_WARN_UNUSED_VARIABLE = YES;
				IPHONEOS_DEPLOYMENT_TARGET = 12.1;
				MTL_ENABLE_DEBUG_INFO = INCLUDE_SOURCE;
				MTL_FAST_MATH = YES;
				ONLY_ACTIVE_ARCH = YES;
				SDKROOT = iphoneos;
				SWIFT_ACTIVE_COMPILATION_CONDITIONS = DEBUG;
				SWIFT_OPTIMIZATION_LEVEL = "-Onone";
			};
			name = Debug;
		};
		E04883A622AC1FED004E6186 /* Release */ = {
			isa = XCBuildConfiguration;
			buildSettings = {
				ALWAYS_SEARCH_USER_PATHS = NO;
				CLANG_ANALYZER_NONNULL = YES;
				CLANG_ANALYZER_NUMBER_OBJECT_CONVERSION = YES_AGGRESSIVE;
				CLANG_CXX_LANGUAGE_STANDARD = "gnu++14";
				CLANG_CXX_LIBRARY = "libc++";
				CLANG_ENABLE_MODULES = YES;
				CLANG_ENABLE_OBJC_ARC = YES;
				CLANG_ENABLE_OBJC_WEAK = YES;
				CLANG_WARN_BLOCK_CAPTURE_AUTORELEASING = YES;
				CLANG_WARN_BOOL_CONVERSION = YES;
				CLANG_WARN_COMMA = YES;
				CLANG_WARN_CONSTANT_CONVERSION = YES;
				CLANG_WARN_DEPRECATED_OBJC_IMPLEMENTATIONS = YES;
				CLANG_WARN_DIRECT_OBJC_ISA_USAGE = YES_ERROR;
				CLANG_WARN_DOCUMENTATION_COMMENTS = YES;
				CLANG_WARN_EMPTY_BODY = YES;
				CLANG_WARN_ENUM_CONVERSION = YES;
				CLANG_WARN_INFINITE_RECURSION = YES;
				CLANG_WARN_INT_CONVERSION = YES;
				CLANG_WARN_NON_LITERAL_NULL_CONVERSION = YES;
				CLANG_WARN_OBJC_IMPLICIT_RETAIN_SELF = YES;
				CLANG_WARN_OBJC_LITERAL_CONVERSION = YES;
				CLANG_WARN_OBJC_ROOT_CLASS = YES_ERROR;
				CLANG_WARN_RANGE_LOOP_ANALYSIS = YES;
				CLANG_WARN_STRICT_PROTOTYPES = YES;
				CLANG_WARN_SUSPICIOUS_MOVE = YES;
				CLANG_WARN_UNGUARDED_AVAILABILITY = YES_AGGRESSIVE;
				CLANG_WARN_UNREACHABLE_CODE = YES;
				CLANG_WARN__DUPLICATE_METHOD_MATCH = YES;
				CODE_SIGN_IDENTITY = "iPhone Developer";
				COPY_PHASE_STRIP = NO;
				DEBUG_INFORMATION_FORMAT = "dwarf-with-dsym";
				ENABLE_NS_ASSERTIONS = NO;
				ENABLE_STRICT_OBJC_MSGSEND = YES;
				GCC_C_LANGUAGE_STANDARD = gnu11;
				GCC_NO_COMMON_BLOCKS = YES;
				GCC_WARN_64_TO_32_BIT_CONVERSION = YES;
				GCC_WARN_ABOUT_RETURN_TYPE = YES_ERROR;
				GCC_WARN_UNDECLARED_SELECTOR = YES;
				GCC_WARN_UNINITIALIZED_AUTOS = YES_AGGRESSIVE;
				GCC_WARN_UNUSED_FUNCTION = YES;
				GCC_WARN_UNUSED_VARIABLE = YES;
				IPHONEOS_DEPLOYMENT_TARGET = 12.1;
				MTL_ENABLE_DEBUG_INFO = NO;
				MTL_FAST_MATH = YES;
				SDKROOT = iphoneos;
				SWIFT_COMPILATION_MODE = wholemodule;
				SWIFT_OPTIMIZATION_LEVEL = "-O";
				VALIDATE_PRODUCT = YES;
			};
			name = Release;
		};
		E04883A822AC1FED004E6186 /* Debug */ = {
			isa = XCBuildConfiguration;
			buildSettings = {
				ASSETCATALOG_COMPILER_APPICON_NAME = AppIcon;
				CODE_SIGN_STYLE = Automatic;
				INFOPLIST_FILE = onTheMap/Info.plist;
				LD_RUNPATH_SEARCH_PATHS = (
					"$(inherited)",
					"@executable_path/Frameworks",
				);
				PRODUCT_BUNDLE_IDENTIFIER = "hanashcoo-gmai.com.onTheMap";
				PRODUCT_NAME = "$(TARGET_NAME)";
				SWIFT_VERSION = 4.2;
				TARGETED_DEVICE_FAMILY = "1,2";
			};
			name = Debug;
		};
		E04883A922AC1FED004E6186 /* Release */ = {
			isa = XCBuildConfiguration;
			buildSettings = {
				ASSETCATALOG_COMPILER_APPICON_NAME = AppIcon;
				CODE_SIGN_STYLE = Automatic;
				INFOPLIST_FILE = onTheMap/Info.plist;
				LD_RUNPATH_SEARCH_PATHS = (
					"$(inherited)",
					"@executable_path/Frameworks",
				);
				PRODUCT_BUNDLE_IDENTIFIER = "hanashcoo-gmai.com.onTheMap";
				PRODUCT_NAME = "$(TARGET_NAME)";
				SWIFT_VERSION = 4.2;
				TARGETED_DEVICE_FAMILY = "1,2";
			};
			name = Release;
		};
/* End XCBuildConfiguration section */

/* Begin XCConfigurationList section */
		E048839022AC1FEA004E6186 /* Build configuration list for PBXProject "onTheMap" */ = {
			isa = XCConfigurationList;
			buildConfigurations = (
				E04883A522AC1FED004E6186 /* Debug */,
				E04883A622AC1FED004E6186 /* Release */,
			);
			defaultConfigurationIsVisible = 0;
			defaultConfigurationName = Release;
		};
		E04883A722AC1FED004E6186 /* Build configuration list for PBXNativeTarget "onTheMap" */ = {
			isa = XCConfigurationList;
			buildConfigurations = (
				E04883A822AC1FED004E6186 /* Debug */,
				E04883A922AC1FED004E6186 /* Release */,
			);
			defaultConfigurationIsVisible = 0;
			defaultConfigurationName = Release;
		};
/* End XCConfigurationList section */
	};
	rootObject = E048838D22AC1FEA004E6186 /* Project object */;
}
